{
  "pins" : [
    {
      "identity" : "rxswift",
      "kind" : "remoteSourceControl",
      "location" : "https://github.com/ReactiveX/RxSwift.git",
      "state" : {
        "branch" : "main",
        "revision" : "416180ae6eb5473332e5e0581aeb1c20e95874b8"
      }
    },
    {
      "identity" : "snapkit",
      "kind" : "remoteSourceControl",
      "location" : "https://github.com/SnapKit/SnapKit.git",
      "state" : {
        "revision" : "48b703a1a3d3721ba25b57e82235e7ddd63eda98",
        "version" : "5.6.0"
      }
    }
  ],
  "version" : 2
}
